---
lockfileVersion: 1
lockfileVendor: redhat
arches:
- arch: x86_64
  packages:
  - url: https://cdn-ubi.redhat.com/content/public/ubi/dist/ubi9/9/x86_64/appstream/os/Packages/c/cpp-11.4.1-3.el9.x86_64.rpm
    repoid: ubi-9-appstream-rpms
    size: 11153534
    checksum: sha256:45907c9130a09f20f2e7bdb09f7371a1b6221c161a492dfab0a744fbe5e66e7e
    name: cpp
    evr: 11.4.1-3.el9
    sourcerpm: gcc-11.4.1-3.el9.src.rpm
  - url: https://cdn-ubi.redhat.com/content/public/ubi/dist/ubi9/9/x86_64/appstream/os/Packages/g/gcc-11.4.1-3.el9.x86_64.rpm
    repoid: ubi-9-appstream-rpms
    size: 33805852
    checksum: sha256:18668f95c29b72e90ff42811a378c8c2ee8db71aff07de09a156aa7388720cb8
    name: gcc
    evr: 11.4.1-3.el9
    sourcerpm: gcc-11.4.1-3.el9.src.rpm
  - url: https://cdn-ubi.redhat.com/content/public/ubi/dist/ubi9/9/x86_64/appstream/os/Packages/g/glibc-devel-2.34-100.el9_4.4.x86_64.rpm
    repoid: ubi-9-appstream-rpms
    size: 36205
    checksum: sha256:c7c88469c845e5550037d17d544c2fdcde683e6410e6aad77b5cdd09580d15ca
    name: glibc-devel
    evr: 2.34-100.el9_4.4
    sourcerpm: glibc-2.34-100.el9_4.4.src.rpm
  - url: https://cdn-ubi.redhat.com/content/public/ubi/dist/ubi9/9/x86_64/appstream/os/Packages/g/glibc-headers-2.34-100.el9_4.4.x86_64.rpm
    repoid: ubi-9-appstream-rpms
    size: 553893
    checksum: sha256:2dc0c045df41e6d5f34c846a8c8ffd77b1618bdd05b920f85bb27742b208bcff
    name: glibc-headers
    evr: 2.34-100.el9_4.4
    sourcerpm: glibc-2.34-100.el9_4.4.src.rpm
  - url: https://cdn-ubi.redhat.com/content/public/ubi/dist/ubi9/9/x86_64/appstream/os/Packages/g/golang-1.21.13-4.el9_4.x86_64.rpm
    repoid: ubi-9-appstream-rpms
    size: 694925
    checksum: sha256:2b0bd2981804d83858b7916d60502bea71f9065e33c42f0f9e28d00e344f0aeb
    name: golang
    evr: 1.21.13-4.el9_4
    sourcerpm: golang-1.21.13-4.el9_4.src.rpm
  - url: https://cdn-ubi.redhat.com/content/public/ubi/dist/ubi9/9/x86_64/appstream/os/Packages/g/golang-bin-1.21.13-4.el9_4.x86_64.rpm
    repoid: ubi-9-appstream-rpms
    size: 58597983
    checksum: sha256:b4a0e0b062a6388d679e452e5f9e2ed4caad3a7c1b9bfe6e54aed3711528e44f
    name: golang-bin
    evr: 1.21.13-4.el9_4
    sourcerpm: golang-1.21.13-4.el9_4.src.rpm
  - url: https://cdn-ubi.redhat.com/content/public/ubi/dist/ubi9/9/x86_64/appstream/os/Packages/g/golang-src-1.21.13-4.el9_4.noarch.rpm
    repoid: ubi-9-appstream-rpms
    size: 13072354
    checksum: sha256:ef0f8eb4725a12f01d6c398da851130821eb0bdfc81b3d5719a839825d30b761
    name: golang-src
    evr: 1.21.13-4.el9_4
    sourcerpm: golang-1.21.13-4.el9_4.src.rpm
  - url: https://cdn-ubi.redhat.com/content/public/ubi/dist/ubi9/9/x86_64/appstream/os/Packages/j/jq-1.6-15.el9.x86_64.rpm
    repoid: ubi-9-appstream-rpms
    size: 194271
    checksum: sha256:d3157267cce88006c2ad3327ea7eb8983bea6f69327c157228b89814a3c473ae
    name: jq
    evr: 1.6-15.el9
    sourcerpm: jq-1.6-15.el9.src.rpm
  - url: https://cdn-ubi.redhat.com/content/public/ubi/dist/ubi9/9/x86_64/appstream/os/Packages/k/kernel-headers-5.14.0-427.40.1.el9_4.x86_64.rpm
    repoid: ubi-9-appstream-rpms
    size: 6625533
    checksum: sha256:f6e4be20e0b24a6e2d7c2efc6da673c5ccbe8181551f0f778ca93a42ef67f713
    name: kernel-headers
    evr: 5.14.0-427.40.1.el9_4
    sourcerpm: kernel-5.14.0-427.40.1.el9_4.src.rpm
  - url: https://cdn-ubi.redhat.com/content/public/ubi/dist/ubi9/9/x86_64/appstream/os/Packages/l/libmpc-1.2.1-4.el9.x86_64.rpm
    repoid: ubi-9-appstream-rpms
    size: 66075
    checksum: sha256:b97b4e98c3c6f41dcfc2ceb4ffa1aba7a338b7cfd9e6c4f63e3160dd3cc033d3
    name: libmpc
    evr: 1.2.1-4.el9
    sourcerpm: libmpc-1.2.1-4.el9.src.rpm
  - url: https://cdn-ubi.redhat.com/content/public/ubi/dist/ubi9/9/x86_64/appstream/os/Packages/l/libxcrypt-devel-4.4.18-3.el9.x86_64.rpm
    repoid: ubi-9-appstream-rpms
    size: 33101
    checksum: sha256:c1d171391a7d2e043a6953efd3df3e01edc9b4c6cdb54517e1608d204a5fce18
    name: libxcrypt-devel
    evr: 4.4.18-3.el9
    sourcerpm: libxcrypt-4.4.18-3.el9.src.rpm
  - url: https://cdn-ubi.redhat.com/content/public/ubi/dist/ubi9/9/x86_64/appstream/os/Packages/o/oniguruma-6.9.6-1.el9.5.x86_64.rpm
    repoid: ubi-9-appstream-rpms
    size: 226331
    checksum: sha256:6c884cc2216e5b4699ebd8cde27b39e99532520b367f645ed6cc660d081916dc
    name: oniguruma
    evr: 6.9.6-1.el9.5
    sourcerpm: oniguruma-6.9.6-1.el9.5.src.rpm
  - url: https://cdn-ubi.redhat.com/content/public/ubi/dist/ubi9/9/x86_64/appstream/os/Packages/o/openssl-devel-3.0.7-28.el9_4.x86_64.rpm
    repoid: ubi-9-appstream-rpms
    size: 4314024
    checksum: sha256:588417abd9d5d568eabc22f58a2e446c2d961974b92227fbbda4018b4b8a7ca1
    name: openssl-devel
    evr: 1:3.0.7-28.el9_4
    sourcerpm: openssl-3.0.7-28.el9_4.src.rpm
  - url: https://cdn-ubi.redhat.com/content/public/ubi/dist/ubi9/9/x86_64/baseos/os/Packages/b/binutils-2.35.2-43.el9.x86_64.rpm
    repoid: ubi-9-baseos-rpms
    size: 4814336
    checksum: sha256:699736ac7d7c7923698dc5e441bdbf6d70f35eeba7ae43d6606ce5dbbf1ec2fb
    name: binutils
    evr: 2.35.2-43.el9
    sourcerpm: binutils-2.35.2-43.el9.src.rpm
  - url: https://cdn-ubi.redhat.com/content/public/ubi/dist/ubi9/9/x86_64/baseos/os/Packages/b/binutils-gold-2.35.2-43.el9.x86_64.rpm
    repoid: ubi-9-baseos-rpms
    size: 754052
    checksum: sha256:943aaa9fcd7455f453d9cb7b2b54b2fdd5d312ee7f88f2f586db666c89260936
    name: binutils-gold
    evr: 2.35.2-43.el9
    sourcerpm: binutils-2.35.2-43.el9.src.rpm
  - url: https://cdn-ubi.redhat.com/content/public/ubi/dist/ubi9/9/x86_64/baseos/os/Packages/d/diffutils-3.7-12.el9.x86_64.rpm
    repoid: ubi-9-baseos-rpms
    size: 411559
    checksum: sha256:2d4c4fdfc10215af3c957c24995b79a26e27e6d76de4ed1f5198d25bf7ef9671
    name: diffutils
    evr: 3.7-12.el9
    sourcerpm: diffutils-3.7-12.el9.src.rpm
  - url: https://cdn-ubi.redhat.com/content/public/ubi/dist/ubi9/9/x86_64/baseos/os/Packages/e/elfutils-debuginfod-client-0.190-2.el9.x86_64.rpm
    repoid: ubi-9-baseos-rpms
    size: 39619
    checksum: sha256:8318e4801d9a4e5cb9c0b647b8b3c1d969627d8f8ced0d5220bdddf668583e63
    name: elfutils-debuginfod-client
    evr: 0.190-2.el9
    sourcerpm: elfutils-0.190-2.el9.src.rpm
  - url: https://cdn-ubi.redhat.com/content/public/ubi/dist/ubi9/9/x86_64/baseos/os/Packages/g/gettext-0.21-8.el9.x86_64.rpm
    repoid: ubi-9-baseos-rpms
    size: 1193150
    checksum: sha256:febf6aec8699ca352aba5a7a249ed0cb011b68c5bab17f6178f09b1035974dde
    name: gettext
    evr: 0.21-8.el9
    sourcerpm: gettext-0.21-8.el9.src.rpm
  - url: https://cdn-ubi.redhat.com/content/public/ubi/dist/ubi9/9/x86_64/baseos/os/Packages/g/gettext-libs-0.21-8.el9.x86_64.rpm
    repoid: ubi-9-baseos-rpms
    size: 313328
    checksum: sha256:b319325e941e03e3e7381161889ab39473398194786a52fc1653d025211b6e1a
    name: gettext-libs
    evr: 0.21-8.el9
    sourcerpm: gettext-0.21-8.el9.src.rpm
  - url: https://cdn-ubi.redhat.com/content/public/ubi/dist/ubi9/9/x86_64/baseos/os/Packages/g/glibc-2.34-100.el9_4.4.x86_64.rpm
    repoid: ubi-9-baseos-rpms
    size: 2066882
    checksum: sha256:f2ab157525ff3ab2d4e6fa0d77fa58e0d6174a167a6c378d9302f146926f6bdb
    name: glibc
    evr: 2.34-100.el9_4.4
    sourcerpm: glibc-2.34-100.el9_4.4.src.rpm
  - url: https://cdn-ubi.redhat.com/content/public/ubi/dist/ubi9/9/x86_64/baseos/os/Packages/g/glibc-common-2.34-100.el9_4.4.x86_64.rpm
    repoid: ubi-9-baseos-rpms
    size: 314113
    checksum: sha256:85f9311225af5fdd235f23b63f243058aeee9b65b14c55a2d9bbdd1409de8970
    name: glibc-common
    evr: 2.34-100.el9_4.4
    sourcerpm: glibc-2.34-100.el9_4.4.src.rpm
  - url: https://cdn-ubi.redhat.com/content/public/ubi/dist/ubi9/9/x86_64/baseos/os/Packages/g/glibc-langpack-en-2.34-100.el9_4.4.x86_64.rpm
    repoid: ubi-9-baseos-rpms
    size: 674961
    checksum: sha256:404ea4f5108366a13109b46230ced6e7fe96fdf6aa90ea2bcf9b63f25ba1a702
    name: glibc-langpack-en
    evr: 2.34-100.el9_4.4
    sourcerpm: glibc-2.34-100.el9_4.4.src.rpm
  - url: https://cdn-ubi.redhat.com/content/public/ubi/dist/ubi9/9/x86_64/baseos/os/Packages/g/glibc-minimal-langpack-2.34-100.el9_4.4.x86_64.rpm
    repoid: ubi-9-baseos-rpms
    size: 21129
    checksum: sha256:1e85eceb7b60d23c1f9f93373e3a03d1938fe8362ff5dca9889226984149570c
    name: glibc-minimal-langpack
    evr: 2.34-100.el9_4.4
    sourcerpm: glibc-2.34-100.el9_4.4.src.rpm
  - url: https://cdn-ubi.redhat.com/content/public/ubi/dist/ubi9/9/x86_64/baseos/os/Packages/l/libpkgconf-1.7.3-10.el9.x86_64.rpm
    repoid: ubi-9-baseos-rpms
    size: 38387
    checksum: sha256:4feae5941b73640bd86b8d506a657cac5b770043db1464fbcd207721b2159dda
    name: libpkgconf
    evr: 1.7.3-10.el9
    sourcerpm: pkgconf-1.7.3-10.el9.src.rpm
  - url: https://cdn-ubi.redhat.com/content/public/ubi/dist/ubi9/9/x86_64/baseos/os/Packages/m/make-4.3-8.el9.x86_64.rpm
    repoid: ubi-9-baseos-rpms
    size: 553896
    checksum: sha256:561f0c2251e9217c81a6c88de4d2d9231a039aaab37e8a0d2559d36ce9fa85fd
    name: make
    evr: 1:4.3-8.el9
    sourcerpm: make-4.3-8.el9.src.rpm
  - url: https://cdn-ubi.redhat.com/content/public/ubi/dist/ubi9/9/x86_64/baseos/os/Packages/o/openssl-3.0.7-28.el9_4.x86_64.rpm
    repoid: ubi-9-baseos-rpms
    size: 1268306
    checksum: sha256:255fb57a1b308c1f2df2027c63953955717498a76056f4d4e1279f02001e9aa8
    name: openssl
    evr: 1:3.0.7-28.el9_4
    sourcerpm: openssl-3.0.7-28.el9_4.src.rpm
  - url: https://cdn-ubi.redhat.com/content/public/ubi/dist/ubi9/9/x86_64/baseos/os/Packages/o/openssl-libs-3.0.7-28.el9_4.x86_64.rpm
    repoid: ubi-9-baseos-rpms
    size: 1986963
    checksum: sha256:9f5939d641e236dae1c75ba05395f3fa644dddc3ba74a58a729e3c2384c86c1b
    name: openssl-libs
    evr: 1:3.0.7-28.el9_4
    sourcerpm: openssl-3.0.7-28.el9_4.src.rpm
  - url: https://cdn-ubi.redhat.com/content/public/ubi/dist/ubi9/9/x86_64/baseos/os/Packages/p/pkgconf-1.7.3-10.el9.x86_64.rpm
    repoid: ubi-9-baseos-rpms
    size: 45675
    checksum: sha256:bb47b4ecc499c308f41031a99e723827d152d5d750f59849d0c265d820944a26
    name: pkgconf
    evr: 1.7.3-10.el9
    sourcerpm: pkgconf-1.7.3-10.el9.src.rpm
  - url: https://cdn-ubi.redhat.com/content/public/ubi/dist/ubi9/9/x86_64/baseos/os/Packages/p/pkgconf-m4-1.7.3-10.el9.noarch.rpm
    repoid: ubi-9-baseos-rpms
    size: 16054
    checksum: sha256:91bafd6e06099451f60288327b275cfcc651822f6145176a157c6b0fa5131e02
    name: pkgconf-m4
    evr: 1.7.3-10.el9
    sourcerpm: pkgconf-1.7.3-10.el9.src.rpm
  - url: https://cdn-ubi.redhat.com/content/public/ubi/dist/ubi9/9/x86_64/baseos/os/Packages/p/pkgconf-pkg-config-1.7.3-10.el9.x86_64.rpm
    repoid: ubi-9-baseos-rpms
    size: 12438
    checksum: sha256:9a502d81d73d3303ceb53a06ad7ce525c97117ea64352174a33708bf3429283d
    name: pkgconf-pkg-config
    evr: 1.7.3-10.el9
    sourcerpm: pkgconf-1.7.3-10.el9.src.rpm
  source: []
  module_metadata: []
